
Microsoft Visual Studio Solution File, Format Version 12.00
# Visual Studio Version 17
VisualStudioVersion = 17.4.33205.214
MinimumVisualStudioVersion = 10.0.40219.1
Project("{FAE04EC0-301F-11D3-BF4B-00C04F79EFBC}") = "Retos semanales 2022 csharp", "Retos semanales 2022 csharp\Retos semanales 2022 csharp.csproj", "{1632894D-B772-48E0-A586-78DD23E08ACB}"
EndProject
Project("{F2A71F9B-5D33-465A-A702-920D77279786}") = "Retos semanales 2022 fsharp", "Retos semanales 2022 fsharp\Retos semanales 2022 fsharp.fsproj", "{14ABCD9C-466B-4704-BFDB-C83D530DB6DC}"
EndProject
Global
	GlobalSection(SolutionConfigurationPlatforms) = preSolution
		Debug|Any CPU = Debug|Any CPU
		Release|Any CPU = Release|Any CPU
	EndGlobalSection
	GlobalSection(ProjectConfigurationPlatforms) = postSolution
		{1632894D-B772-48E0-A586-78DD23E08ACB}.Debug|Any CPU.ActiveCfg = Debug|Any CPU
		{1632894D-B772-48E0-A586-78DD23E08ACB}.Debug|Any CPU.Build.0 = Debug|Any CPU
		{1632894D-B772-48E0-A586-78DD23E08ACB}.Release|Any CPU.ActiveCfg = Release|Any CPU
		{1632894D-B772-48E0-A586-78DD23E08ACB}.Release|Any CPU.Build.0 = Release|Any CPU
		{14ABCD9C-466B-4704-BFDB-C83D530DB6DC}.Debug|Any CPU.ActiveCfg = Debug|Any CPU
		{14ABCD9C-466B-4704-BFDB-C83D530DB6DC}.Debug|Any CPU.Build.0 = Debug|Any CPU
		{14ABCD9C-466B-4704-BFDB-C83D530DB6DC}.Release|Any CPU.ActiveCfg = Release|Any CPU
		{14ABCD9C-466B-4704-BFDB-C83D530DB6DC}.Release|Any CPU.Build.0 = Release|Any CPU
	EndGlobalSection
	GlobalSection(SolutionProperties) = preSolution
		HideSolutionNode = FALSE
	EndGlobalSection
	GlobalSection(ExtensibilityGlobals) = postSolution
		SolutionGuid = {87098BFB-FAD0-4508-B3B0-CB82803DE65F}
	EndGlobalSection
EndGlobal
