
Microsoft Visual Studio Solution File, Format Version 12.00
# Visual Studio Version 17
VisualStudioVersion = 17.4.33205.214
MinimumVisualStudioVersion = 10.0.40219.1
Project("{FAE04EC0-301F-11D3-BF4B-00C04F79EFBC}") = "csharp", "csharp\csharp.csproj", "{FB8AD4A8-F765-4147-9B3E-E71AE30C00B2}"
EndProject
Project("{F2A71F9B-5D33-465A-A702-920D77279786}") = "fsharp", "fsharp\fsharp.fsproj", "{035B1A86-AE75-49BC-AC2A-05968C316C32}"
EndProject
Global
	GlobalSection(SolutionConfigurationPlatforms) = preSolution
		Debug|Any CPU = Debug|Any CPU
		Release|Any CPU = Release|Any CPU
	EndGlobalSection
	GlobalSection(ProjectConfigurationPlatforms) = postSolution
		{FB8AD4A8-F765-4147-9B3E-E71AE30C00B2}.Debug|Any CPU.ActiveCfg = Debug|Any CPU
		{FB8AD4A8-F765-4147-9B3E-E71AE30C00B2}.Debug|Any CPU.Build.0 = Debug|Any CPU
		{FB8AD4A8-F765-4147-9B3E-E71AE30C00B2}.Release|Any CPU.ActiveCfg = Release|Any CPU
		{FB8AD4A8-F765-4147-9B3E-E71AE30C00B2}.Release|Any CPU.Build.0 = Release|Any CPU
		{035B1A86-AE75-49BC-AC2A-05968C316C32}.Debug|Any CPU.ActiveCfg = Debug|Any CPU
		{035B1A86-AE75-49BC-AC2A-05968C316C32}.Debug|Any CPU.Build.0 = Debug|Any CPU
		{035B1A86-AE75-49BC-AC2A-05968C316C32}.Release|Any CPU.ActiveCfg = Release|Any CPU
		{035B1A86-AE75-49BC-AC2A-05968C316C32}.Release|Any CPU.Build.0 = Release|Any CPU
	EndGlobalSection
	GlobalSection(SolutionProperties) = preSolution
		HideSolutionNode = FALSE
	EndGlobalSection
	GlobalSection(ExtensibilityGlobals) = postSolution
		SolutionGuid = {E80AAC6B-16C1-4DF7-B01E-4D10025B7DDB}
	EndGlobalSection
EndGlobal
